{
  "name": "5d4abeba65b2987cbf0f86dd",
  "version": "0.0.1",
  "lockfileVersion": 1,
  "requires": true,
  "dependencies": {
    "@banner-man/common": {
      "version": "0.0.2",
      "resolved": "http://94.191.59.191:8873/@banner-man%2fcommon/-/common-0.0.2.tgz",
      "integrity": "sha512-5TA73GRX6LZLWAIeblIRdu+hc3UdlsDW/O8xEQm1Ae001P6TmG8HuWgjzH1xKsRmdw/RzXzomofsacga74tN3g=="
    },
    "@banner-man/render": {
      "version": "0.0.3",
      "resolved": "http://94.191.59.191:8873/@banner-man%2frender/-/render-0.0.3.tgz",
      "integrity": "sha512-S593mtJFgcbj+2E9E3w1d098l7VW/pUQS/nTTZ+zLce525B/hEL3Piczh3ucp8FPLByaswTXVg7y2C98rrvy7g=="
    },
    "@banner-man/widget-button": {
      "version": "0.0.5",
      "resolved": "http://94.191.59.191:8873/@banner-man%2fwidget-button/-/widget-button-0.0.5.tgz",
      "integrity": "sha512-D4/XP79AsYjtU1TTONRhAvbTqqJrtEyvAw+r+IDHA/5ry4+S+mgkHcZeuH2n2/dW7guQLa/2q/++5e4tcNIIOg=="
    },
    "@banner-man/widget-container": {
      "version": "0.0.2",
      "resolved": "http://94.191.59.191:8873/@banner-man%2fwidget-container/-/widget-container-0.0.2.tgz",
      "integrity": "sha512-/Z6ViqbgiX4/FaD5+YTstrrVwaIqekPMgsf65zxCtklb04+2SOXX0qczt0v3s8ALKtToAVhrTJWiA87sCuZeZQ=="
    },
    "@banner-man/widget-search": {
      "version": "0.0.2",
      "resolved": "http://94.191.59.191:8873/@banner-man%2fwidget-search/-/widget-search-0.0.2.tgz",
      "integrity": "sha512-zF2Dg0TOhwpf+x6pNU3V7LVCzjcZmjONTBQx38o8de8SX8oLfAWUJcRGUCxm3yuGbQSsCAGFxoMde7i5ya2qHA=="
    },
    "@banner-man/widget-tabs": {
      "version": "0.0.2",
      "resolved": "http://94.191.59.191:8873/@banner-man%2fwidget-tabs/-/widget-tabs-0.0.2.tgz",
      "integrity": "sha512-iokRhZrKdpGNd5vPLJ0yZpaIUh05gjyHIppZ+mvd8BR9bxJQu2K2HmmyKuJdLu0yJRF2lFmgSObRNdpiIPnRKw=="
    }
  }
}
